Microsoft Visual Studio Solution File, Format Version 12.00
# Visual Studio Version 17
VisualStudioVersion = 17.5.2.0
MinimumVisualStudioVersion = 10.0.40219.1
Project("{FAE04EC0-301F-11D3-BF4B-00C04F79EFBC}") = "BingoClient", "BingoClient.csproj", "{497C8A38-10D2-DC78-09A8-E875893B1B1C}"
EndProject
Global
	GlobalSection(SolutionConfigurationPlatforms) = preSolution
		Debug|Any CPU = Debug|Any CPU
		Release|Any CPU = Release|Any CPU
	EndGlobalSection
	GlobalSection(ProjectConfigurationPlatforms) = postSolution
		{497C8A38-10D2-DC78-09A8-E875893B1B1C}.Debug|Any CPU.ActiveCfg = Debug|Any CPU
		{497C8A38-10D2-DC78-09A8-E875893B1B1C}.Debug|Any CPU.Build.0 = Debug|Any CPU
		{497C8A38-10D2-DC78-09A8-E875893B1B1C}.Release|Any CPU.ActiveCfg = Release|Any CPU
		{497C8A38-10D2-DC78-09A8-E875893B1B1C}.Release|Any CPU.Build.0 = Release|Any CPU
	EndGlobalSection
	GlobalSection(SolutionProperties) = preSolution
		HideSolutionNode = FALSE
	EndGlobalSection
	GlobalSection(ExtensibilityGlobals) = postSolution
		SolutionGuid = {1AAF70D3-A1B2-4DA9-8D4D-DBCA8E4A0EEA}
	EndGlobalSection
EndGlobal
